
Microsoft Visual Studio Solution File, Format Version 12.00
# Visual Studio Version 16
VisualStudioVersion = 16.0.29409.12
MinimumVisualStudioVersion = 10.0.40219.1
Project("{FAE04EC0-301F-11D3-BF4B-00C04F79EFBC}") = "RaceHouse", "RaceHouse\RaceHouse.csproj", "{1896BE38-E433-4FE5-A452-73B85732C992}"
EndProject
Global
	GlobalSection(SolutionConfigurationPlatforms) = preSolution
		Debug|Any CPU = Debug|Any CPU
		Release|Any CPU = Release|Any CPU
	EndGlobalSection
	GlobalSection(ProjectConfigurationPlatforms) = postSolution
		{1896BE38-E433-4FE5-A452-73B85732C992}.Debug|Any CPU.ActiveCfg = Debug|Any CPU
		{1896BE38-E433-4FE5-A452-73B85732C992}.Debug|Any CPU.Build.0 = Debug|Any CPU
		{1896BE38-E433-4FE5-A452-73B85732C992}.Release|Any CPU.ActiveCfg = Release|Any CPU
		{1896BE38-E433-4FE5-A452-73B85732C992}.Release|Any CPU.Build.0 = Release|Any CPU
	EndGlobalSection
	GlobalSection(SolutionProperties) = preSolution
		HideSolutionNode = FALSE
	EndGlobalSection
	GlobalSection(ExtensibilityGlobals) = postSolution
		SolutionGuid = {2BF61FE3-7107-4700-9B08-67469E774C6E}
	EndGlobalSection
EndGlobal
